
Microsoft Visual Studio Solution File, Format Version 12.00
# Visual Studio Version 17
VisualStudioVersion = 17.10.34707.107
MinimumVisualStudioVersion = 10.0.40219.1
Project("{FAE04EC0-301F-11D3-BF4B-00C04F79EFBC}") = "ElasticSearch_ELK_NEST", "ElasticSearch_ELK_NEST\ElasticSearch_ELK_NEST.csproj", "{9FFA5C15-83F9-4349-AF41-82C7C1EF595D}"
EndProject
Global
	GlobalSection(SolutionConfigurationPlatforms) = preSolution
		Debug|Any CPU = Debug|Any CPU
		Release|Any CPU = Release|Any CPU
	EndGlobalSection
	GlobalSection(ProjectConfigurationPlatforms) = postSolution
		{9FFA5C15-83F9-4349-AF41-82C7C1EF595D}.Debug|Any CPU.ActiveCfg = Debug|Any CPU
		{9FFA5C15-83F9-4349-AF41-82C7C1EF595D}.Debug|Any CPU.Build.0 = Debug|Any CPU
		{9FFA5C15-83F9-4349-AF41-82C7C1EF595D}.Release|Any CPU.ActiveCfg = Release|Any CPU
		{9FFA5C15-83F9-4349-AF41-82C7C1EF595D}.Release|Any CPU.Build.0 = Release|Any CPU
	EndGlobalSection
	GlobalSection(SolutionProperties) = preSolution
		HideSolutionNode = FALSE
	EndGlobalSection
	GlobalSection(ExtensibilityGlobals) = postSolution
		SolutionGuid = {06E4D2F2-5635-4591-B1AC-24D96690E5D1}
	EndGlobalSection
EndGlobal
